
Microsoft Visual Studio Solution File, Format Version 12.00
# Visual Studio 15
VisualStudioVersion = 15.0.28307.106
MinimumVisualStudioVersion = 10.0.40219.1
Project("{FAE04EC0-301F-11D3-BF4B-00C04F79EFBC}") = "BusinessEntity", "BusinessEntity\BusinessEntity.csproj", "{DD42BCDB-3B7C-47E5-939A-AF6EFD2F3453}"
EndProject
Global
	GlobalSection(SolutionConfigurationPlatforms) = preSolution
		Debug|Any CPU = Debug|Any CPU
		Release|Any CPU = Release|Any CPU
	EndGlobalSection
	GlobalSection(ProjectConfigurationPlatforms) = postSolution
		{DD42BCDB-3B7C-47E5-939A-AF6EFD2F3453}.Debug|Any CPU.ActiveCfg = Debug|Any CPU
		{DD42BCDB-3B7C-47E5-939A-AF6EFD2F3453}.Debug|Any CPU.Build.0 = Debug|Any CPU
		{DD42BCDB-3B7C-47E5-939A-AF6EFD2F3453}.Release|Any CPU.ActiveCfg = Release|Any CPU
		{DD42BCDB-3B7C-47E5-939A-AF6EFD2F3453}.Release|Any CPU.Build.0 = Release|Any CPU
	EndGlobalSection
	GlobalSection(SolutionProperties) = preSolution
		HideSolutionNode = FALSE
	EndGlobalSection
	GlobalSection(ExtensibilityGlobals) = postSolution
		SolutionGuid = {E732BF83-5F00-44A8-A320-2586A8C5EC25}
	EndGlobalSection
EndGlobal
